
Microsoft Visual Studio Solution File, Format Version 12.00
# Visual Studio Version 17
VisualStudioVersion = 17.4.33110.190
MinimumVisualStudioVersion = 10.0.40219.1
Project("{FAE04EC0-301F-11D3-BF4B-00C04F79EFBC}") = "Zadanie4_programowanie2023", "Zadanie4_programowanie2023.csproj", "{F2220939-533D-468B-A349-3D79C8B5386E}"
EndProject
Global
	GlobalSection(SolutionConfigurationPlatforms) = preSolution
		Debug|Any CPU = Debug|Any CPU
		Release|Any CPU = Release|Any CPU
	EndGlobalSection
	GlobalSection(ProjectConfigurationPlatforms) = postSolution
		{F2220939-533D-468B-A349-3D79C8B5386E}.Debug|Any CPU.ActiveCfg = Debug|Any CPU
		{F2220939-533D-468B-A349-3D79C8B5386E}.Debug|Any CPU.Build.0 = Debug|Any CPU
		{F2220939-533D-468B-A349-3D79C8B5386E}.Release|Any CPU.ActiveCfg = Release|Any CPU
		{F2220939-533D-468B-A349-3D79C8B5386E}.Release|Any CPU.Build.0 = Release|Any CPU
	EndGlobalSection
	GlobalSection(SolutionProperties) = preSolution
		HideSolutionNode = FALSE
	EndGlobalSection
	GlobalSection(ExtensibilityGlobals) = postSolution
		SolutionGuid = {30290986-41FC-4AA1-8F42-1FAA6869E490}
	EndGlobalSection
EndGlobal
